
Microsoft Visual Studio Solution File, Format Version 12.00
# Visual Studio Version 16
VisualStudioVersion = 16.0.30907.101
MinimumVisualStudioVersion = 10.0.40219.1
Project("{8BC9CEB8-8B4A-11D0-8D11-00A0C91BC942}") = "interviewPractice3", "interviewPractice3.vcxproj", "{3ED00780-E9F4-4EBA-91FD-A37C832A7428}"
EndProject
Global
	GlobalSection(SolutionConfigurationPlatforms) = preSolution
		Debug|x64 = Debug|x64
		Debug|x86 = Debug|x86
		Release|x64 = Release|x64
		Release|x86 = Release|x86
	EndGlobalSection
	GlobalSection(ProjectConfigurationPlatforms) = postSolution
		{3ED00780-E9F4-4EBA-91FD-A37C832A7428}.Debug|x64.ActiveCfg = Debug|x64
		{3ED00780-E9F4-4EBA-91FD-A37C832A7428}.Debug|x64.Build.0 = Debug|x64
		{3ED00780-E9F4-4EBA-91FD-A37C832A7428}.Debug|x86.ActiveCfg = Debug|Win32
		{3ED00780-E9F4-4EBA-91FD-A37C832A7428}.Debug|x86.Build.0 = Debug|Win32
		{3ED00780-E9F4-4EBA-91FD-A37C832A7428}.Release|x64.ActiveCfg = Release|x64
		{3ED00780-E9F4-4EBA-91FD-A37C832A7428}.Release|x64.Build.0 = Release|x64
		{3ED00780-E9F4-4EBA-91FD-A37C832A7428}.Release|x86.ActiveCfg = Release|Win32
		{3ED00780-E9F4-4EBA-91FD-A37C832A7428}.Release|x86.Build.0 = Release|Win32
	EndGlobalSection
	GlobalSection(SolutionProperties) = preSolution
		HideSolutionNode = FALSE
	EndGlobalSection
	GlobalSection(ExtensibilityGlobals) = postSolution
		SolutionGuid = {BB76B01F-68EA-4755-9C8C-A3FCB71F7583}
	EndGlobalSection
EndGlobal
